// !$*UTF8*$!
{
	archiveVersion = 1;
	classes = {
	};
	objectVersion = 46;
	objects = {

/* Begin PBXBuildFile section */
		9075DBA21B28A81A00AE9DA9 /* QuartzCore.framework in Frameworks */ = {isa = PBXBuildFile; fileRef = 9075DBA11B28A81A00AE9DA9 /* QuartzCore.framework */; };
		90875C2D1B21E615003A5AD6 /* ChatViewController.m in Sources */ = {isa = PBXBuildFile; fileRef = 90875C2C1B21E615003A5AD6 /* ChatViewController.m */; };
		90875C331B21EC25003A5AD6 /* MessageCell.m in Sources */ = {isa = PBXBuildFile; fileRef = 90875C321B21EC25003A5AD6 /* MessageCell.m */; };
		90875C361B21ECC5003A5AD6 /* Message.m in Sources */ = {isa = PBXBuildFile; fileRef = 90875C351B21ECC5003A5AD6 /* Message.m */; };
		90DBD2901B28AD1F0029A5C1 /* BubbleSpeech.m in Sources */ = {isa = PBXBuildFile; fileRef = 90DBD28F1B28AD1F0029A5C1 /* BubbleSpeech.m */; };
		90DD381D1B20A17700EE3376 /* main.m in Sources */ = {isa = PBXBuildFile; fileRef = 90DD381C1B20A17700EE3376 /* main.m */; };
		90DD38201B20A17700EE3376 /* AppDelegate.m in Sources */ = {isa = PBXBuildFile; fileRef = 90DD381F1B20A17700EE3376 /* AppDelegate.m */; };
		90DD38261B20A17700EE3376 /* Main.storyboard in Resources */ = {isa = PBXBuildFile; fileRef = 90DD38241B20A17700EE3376 /* Main.storyboard */; };
		90DD38281B20A17700EE3376 /* Images.xcassets in Resources */ = {isa = PBXBuildFile; fileRef = 90DD38271B20A17700EE3376 /* Images.xcassets */; };
		90DD382B1B20A17700EE3376 /* LaunchScreen.xib in Resources */ = {isa = PBXBuildFile; fileRef = 90DD38291B20A17700EE3376 /* LaunchScreen.xib */; };
		90DD38371B20A17700EE3376 /* InstantMessengerTests.m in Sources */ = {isa = PBXBuildFile; fileRef = 90DD38361B20A17700EE3376 /* InstantMessengerTests.m */; };
		A2C4B1B5ACE700BF2C108250 /* Pods.framework in Frameworks */ = {isa = PBXBuildFile; fileRef = C398C8168EC4A84E2E1530C3 /* Pods.framework */; settings = {ATTRIBUTES = (Weak, ); }; };
/* End PBXBuildFile section */

/* Begin PBXContainerItemProxy section */
		90DD38311B20A17700EE3376 /* PBXContainerItemProxy */ = {
			isa = PBXContainerItemProxy;
			containerPortal = 90DD380F1B20A17700EE3376 /* Project object */;
			proxyType = 1;
			remoteGlobalIDString = 90DD38161B20A17700EE3376;
			remoteInfo = InstantMessenger;
		};
/* End PBXContainerItemProxy section */

/* Begin PBXFileReference section */
		0A89F494C9BB9AA308ECDE82 /* Pods.release.xcconfig */ = {isa = PBXFileReference; includeInIndex = 1; lastKnownFileType = text.xcconfig; name = Pods.release.xcconfig; path = "Pods/Target Support Files/Pods/Pods.release.xcconfig"; sourceTree = "<group>"; };
		9075DBA11B28A81A00AE9DA9 /* QuartzCore.framework */ = {isa = PBXFileReference; lastKnownFileType = wrapper.framework; name = QuartzCore.framework; path = System/Library/Frameworks/QuartzCore.framework; sourceTree = SDKROOT; };
		90875C2B1B21E615003A5AD6 /* ChatViewController.h */ = {isa = PBXFileReference; fileEncoding = 4; lastKnownFileType = sourcecode.c.h; path = ChatViewController.h; sourceTree = "<group>"; };
		90875C2C1B21E615003A5AD6 /* ChatViewController.m */ = {isa = PBXFileReference; fileEncoding = 4; lastKnownFileType = sourcecode.c.objc; path = ChatViewController.m; sourceTree = "<group>"; };
		90875C311B21EC25003A5AD6 /* MessageCell.h */ = {isa = PBXFileReference; fileEncoding = 4; lastKnownFileType = sourcecode.c.h; path = MessageCell.h; sourceTree = "<group>"; };
		90875C321B21EC25003A5AD6 /* MessageCell.m */ = {isa = PBXFileReference; fileEncoding = 4; lastKnownFileType = sourcecode.c.objc; path = MessageCell.m; sourceTree = "<group>"; };
		90875C341B21ECC5003A5AD6 /* Message.h */ = {isa = PBXFileReference; fileEncoding = 4; lastKnownFileType = sourcecode.c.h; path = Message.h; sourceTree = "<group>"; };
		90875C351B21ECC5003A5AD6 /* Message.m */ = {isa = PBXFileReference; fileEncoding = 4; lastKnownFileType = sourcecode.c.objc; path = Message.m; sourceTree = "<group>"; };
		90DBD28E1B28AD1F0029A5C1 /* BubbleSpeech.h */ = {isa = PBXFileReference; fileEncoding = 4; lastKnownFileType = sourcecode.c.h; path = BubbleSpeech.h; sourceTree = "<group>"; };
		90DBD28F1B28AD1F0029A5C1 /* BubbleSpeech.m */ = {isa = PBXFileReference; fileEncoding = 4; lastKnownFileType = sourcecode.c.objc; path = BubbleSpeech.m; sourceTree = "<group>"; };
		90DD38171B20A17700EE3376 /* InstantMessenger.app */ = {isa = PBXFileReference; explicitFileType = wrapper.application; includeInIndex = 0; path = InstantMessenger.app; sourceTree = BUILT_PRODUCTS_DIR; };
		90DD381B1B20A17700EE3376 /* Info.plist */ = {isa = PBXFileReference; lastKnownFileType = text.plist.xml; path = Info.plist; sourceTree = "<group>"; };
		90DD381C1B20A17700EE3376 /* main.m */ = {isa = PBXFileReference; lastKnownFileType = sourcecode.c.objc; path = main.m; sourceTree = "<group>"; };
		90DD381E1B20A17700EE3376 /* AppDelegate.h */ = {isa = PBXFileReference; lastKnownFileType = sourcecode.c.h; path = AppDelegate.h; sourceTree = "<group>"; };
		90DD381F1B20A17700EE3376 /* AppDelegate.m */ = {isa = PBXFileReference; lastKnownFileType = sourcecode.c.objc; path = AppDelegate.m; sourceTree = "<group>"; };
		90DD38251B20A17700EE3376 /* Base */ = {isa = PBXFileReference; lastKnownFileType = file.storyboard; name = Base; path = Base.lproj/Main.storyboard; sourceTree = "<group>"; };
		90DD38271B20A17700EE3376 /* Images.xcassets */ = {isa = PBXFileReference; lastKnownFileType = folder.assetcatalog; path = Images.xcassets; sourceTree = "<group>"; };
		90DD382A1B20A17700EE3376 /* Base */ = {isa = PBXFileReference; lastKnownFileType = file.xib; name = Base; path = Base.lproj/LaunchScreen.xib; sourceTree = "<group>"; };
		90DD38301B20A17700EE3376 /* InstantMessengerTests.xctest */ = {isa = PBXFileReference; explicitFileType = wrapper.cfbundle; includeInIndex = 0; path = InstantMessengerTests.xctest; sourceTree = BUILT_PRODUCTS_DIR; };
		90DD38351B20A17700EE3376 /* Info.plist */ = {isa = PBXFileReference; lastKnownFileType = text.plist.xml; path = Info.plist; sourceTree = "<group>"; };
		90DD38361B20A17700EE3376 /* InstantMessengerTests.m */ = {isa = PBXFileReference; lastKnownFileType = sourcecode.c.objc; path = InstantMessengerTests.m; sourceTree = "<group>"; };
		C398C8168EC4A84E2E1530C3 /* Pods.framework */ = {isa = PBXFileReference; explicitFileType = wrapper.framework; includeInIndex = 0; path = Pods.framework; sourceTree = BUILT_PRODUCTS_DIR; };
		F04D7EF16C079B4B0C1E3607 /* Pods.debug.xcconfig */ = {isa = PBXFileReference; includeInIndex = 1; lastKnownFileType = text.xcconfig; name = Pods.debug.xcconfig; path = "Pods/Target Support Files/Pods/Pods.debug.xcconfig"; sourceTree = "<group>"; };
/* End PBXFileReference section */

/* Begin PBXFrameworksBuildPhase section */
		90DD38141B20A17700EE3376 /* Frameworks */ = {
			isa = PBXFrameworksBuildPhase;
			buildActionMask = 2147483647;
			files = (
				9075DBA21B28A81A00AE9DA9 /* QuartzCore.framework in Frameworks */,
				A2C4B1B5ACE700BF2C108250 /* Pods.framework in Frameworks */,
			);
			runOnlyForDeploymentPostprocessing = 0;
		};
		90DD382D1B20A17700EE3376 /* Frameworks */ = {
			isa = PBXFrameworksBuildPhase;
			buildActionMask = 2147483647;
			files = (
			);
			runOnlyForDeploymentPostprocessing = 0;
		};
/* End PBXFrameworksBuildPhase section */

/* Begin PBXGroup section */
		90DD380E1B20A17700EE3376 = {
			isa = PBXGroup;
			children = (
				90DD38191B20A17700EE3376 /* InstantMessenger */,
				90DD38331B20A17700EE3376 /* InstantMessengerTests */,
				90DD38181B20A17700EE3376 /* Products */,
				99AC6DA069806A14693F82B1 /* Pods */,
				CD568F8ECDE72CFF2C9891DC /* Frameworks */,
			);
			sourceTree = "<group>";
		};
		90DD38181B20A17700EE3376 /* Products */ = {
			isa = PBXGroup;
			children = (
				90DD38171B20A17700EE3376 /* InstantMessenger.app */,
				90DD38301B20A17700EE3376 /* InstantMessengerTests.xctest */,
			);
			name = Products;
			sourceTree = "<group>";
		};
		90DD38191B20A17700EE3376 /* InstantMessenger */ = {
			isa = PBXGroup;
			children = (
				90DD381E1B20A17700EE3376 /* AppDelegate.h */,
				90DD381F1B20A17700EE3376 /* AppDelegate.m */,
				90875C2B1B21E615003A5AD6 /* ChatViewController.h */,
				90875C2C1B21E615003A5AD6 /* ChatViewController.m */,
				90DD38271B20A17700EE3376 /* Images.xcassets */,
				90DD38291B20A17700EE3376 /* LaunchScreen.xib */,
				90DD38241B20A17700EE3376 /* Main.storyboard */,
				90875C311B21EC25003A5AD6 /* MessageCell.h */,
				90875C321B21EC25003A5AD6 /* MessageCell.m */,
				90DD381A1B20A17700EE3376 /* Supporting Files */,
				90875C341B21ECC5003A5AD6 /* Message.h */,
				90875C351B21ECC5003A5AD6 /* Message.m */,
				90DBD28E1B28AD1F0029A5C1 /* BubbleSpeech.h */,
				90DBD28F1B28AD1F0029A5C1 /* BubbleSpeech.m */,
			);
			path = InstantMessenger;
			sourceTree = "<group>";
		};
		90DD381A1B20A17700EE3376 /* Supporting Files */ = {
			isa = PBXGroup;
			children = (
				90DD381B1B20A17700EE3376 /* Info.plist */,
				90DD381C1B20A17700EE3376 /* main.m */,
			);
			name = "Supporting Files";
			sourceTree = "<group>";
		};
		90DD38331B20A17700EE3376 /* InstantMessengerTests */ = {
			isa = PBXGroup;
			children = (
				90DD38361B20A17700EE3376 /* InstantMessengerTests.m */,
				90DD38341B20A17700EE3376 /* Supporting Files */,
			);
			path = InstantMessengerTests;
			sourceTree = "<group>";
		};
		90DD38341B20A17700EE3376 /* Supporting Files */ = {
			isa = PBXGroup;
			children = (
				90DD38351B20A17700EE3376 /* Info.plist */,
			);
			name = "Supporting Files";
			sourceTree = "<group>";
		};
		99AC6DA069806A14693F82B1 /* Pods */ = {
			isa = PBXGroup;
			children = (
				F04D7EF16C079B4B0C1E3607 /* Pods.debug.xcconfig */,
				0A89F494C9BB9AA308ECDE82 /* Pods.release.xcconfig */,
			);
			name = Pods;
			sourceTree = "<group>";
		};
		CD568F8ECDE72CFF2C9891DC /* Frameworks */ = {
			isa = PBXGroup;
			children = (
				9075DBA11B28A81A00AE9DA9 /* QuartzCore.framework */,
				C398C8168EC4A84E2E1530C3 /* Pods.framework */,
			);
			name = Frameworks;
			sourceTree = "<group>";
		};
/* End PBXGroup section */

/* Begin PBXNativeTarget section */
		90DD38161B20A17700EE3376 /* InstantMessenger */ = {
			isa = PBXNativeTarget;
			buildConfigurationList = 90DD383A1B20A17700EE3376 /* Build configuration list for PBXNativeTarget "InstantMessenger" */;
			buildPhases = (
				629AD986B69A05D3ABB7EB49 /* Check Pods Manifest.lock */,
				90DD38131B20A17700EE3376 /* Sources */,
				90DD38141B20A17700EE3376 /* Frameworks */,
				90DD38151B20A17700EE3376 /* Resources */,
				DB7311776837838498E1B2AE /* Copy Pods Resources */,
				13FE8E1F165F6B0AEE1113B2 /* Embed Pods Frameworks */,
			);
			buildRules = (
			);
			dependencies = (
			);
			name = InstantMessenger;
			productName = InstantMessenger;
			productReference = 90DD38171B20A17700EE3376 /* InstantMessenger.app */;
			productType = "com.apple.product-type.application";
		};
		90DD382F1B20A17700EE3376 /* InstantMessengerTests */ = {
			isa = PBXNativeTarget;
			buildConfigurationList = 90DD383D1B20A17700EE3376 /* Build configuration list for PBXNativeTarget "InstantMessengerTests" */;
			buildPhases = (
				90DD382C1B20A17700EE3376 /* Sources */,
				90DD382D1B20A17700EE3376 /* Frameworks */,
				90DD382E1B20A17700EE3376 /* Resources */,
			);
			buildRules = (
			);
			dependencies = (
				90DD38321B20A17700EE3376 /* PBXTargetDependency */,
			);
			name = InstantMessengerTests;
			productName = InstantMessengerTests;
			productReference = 90DD38301B20A17700EE3376 /* InstantMessengerTests.xctest */;
			productType = "com.apple.product-type.bundle.unit-test";
		};
/* End PBXNativeTarget section */

/* Begin PBXProject section */
		90DD380F1B20A17700EE3376 /* Project object */ = {
			isa = PBXProject;
			attributes = {
				LastUpgradeCheck = 0630;
				ORGANIZATIONNAME = "Steven Masini";
				TargetAttributes = {
					90DD38161B20A17700EE3376 = {
						CreatedOnToolsVersion = 6.3.2;
					};
					90DD382F1B20A17700EE3376 = {
						CreatedOnToolsVersion = 6.3.2;
						TestTargetID = 90DD38161B20A17700EE3376;
					};
				};
			};
			buildConfigurationList = 90DD38121B20A17700EE3376 /* Build configuration list for PBXProject "InstantMessenger" */;
			compatibilityVersion = "Xcode 3.2";
			developmentRegion = English;
			hasScannedForEncodings = 0;
			knownRegions = (
				en,
				Base,
			);
			mainGroup = 90DD380E1B20A17700EE3376;
			productRefGroup = 90DD38181B20A17700EE3376 /* Products */;
			projectDirPath = "";
			projectRoot = "";
			targets = (
				90DD38161B20A17700EE3376 /* InstantMessenger */,
				90DD382F1B20A17700EE3376 /* InstantMessengerTests */,
			);
		};
/* End PBXProject section */

/* Begin PBXResourcesBuildPhase section */
		90DD38151B20A17700EE3376 /* Resources */ = {
			isa = PBXResourcesBuildPhase;
			buildActionMask = 2147483647;
			files = (
				90DD38261B20A17700EE3376 /* Main.storyboard in Resources */,
				90DD382B1B20A17700EE3376 /* LaunchScreen.xib in Resources */,
				90DD38281B20A17700EE3376 /* Images.xcassets in Resources */,
			);
			runOnlyForDeploymentPostprocessing = 0;
		};
		90DD382E1B20A17700EE3376 /* Resources */ = {
			isa = PBXResourcesBuildPhase;
			buildActionMask = 2147483647;
			files = (
			);
			runOnlyForDeploymentPostprocessing = 0;
		};
/* End PBXResourcesBuildPhase section */

/* Begin PBXShellScriptBuildPhase section */
		13FE8E1F165F6B0AEE1113B2 /* Embed Pods Frameworks */ = {
			isa = PBXShellScriptBuildPhase;
			buildActionMask = 2147483647;
			files = (
			);
			inputPaths = (
			);
			name = "Embed Pods Frameworks";
			outputPaths = (
			);
			runOnlyForDeploymentPostprocessing = 0;
			shellPath = /bin/sh;
			shellScript = "\"${SRCROOT}/Pods/Target Support Files/Pods/Pods-frameworks.sh\"\n";
			showEnvVarsInLog = 0;
		};
		629AD986B69A05D3ABB7EB49 /* Check Pods Manifest.lock */ = {
			isa = PBXShellScriptBuildPhase;
			buildActionMask = 2147483647;
			files = (
			);
			inputPaths = (
			);
			name = "Check Pods Manifest.lock";
			outputPaths = (
			);
			runOnlyForDeploymentPostprocessing = 0;
			shellPath = /bin/sh;
			shellScript = "diff \"${PODS_ROOT}/../Podfile.lock\" \"${PODS_ROOT}/Manifest.lock\" > /dev/null\nif [[ $? != 0 ]] ; then\n    cat << EOM\nerror: The sandbox is not in sync with the Podfile.lock. Run 'pod install' or update your CocoaPods installation.\nEOM\n    exit 1\nfi\n";
			showEnvVarsInLog = 0;
		};
		DB7311776837838498E1B2AE /* Copy Pods Resources */ = {
			isa = PBXShellScriptBuildPhase;
			buildActionMask = 2147483647;
			files = (
			);
			inputPaths = (
			);
			name = "Copy Pods Resources";
			outputPaths = (
			);
			runOnlyForDeploymentPostprocessing = 0;
			shellPath = /bin/sh;
			shellScript = "\"${SRCROOT}/Pods/Target Support Files/Pods/Pods-resources.sh\"\n";
			showEnvVarsInLog = 0;
		};
/* End PBXShellScriptBuildPhase section */

/* Begin PBXSourcesBuildPhase section */
		90DD38131B20A17700EE3376 /* Sources */ = {
			isa = PBXSourcesBuildPhase;
			buildActionMask = 2147483647;
			files = (
				90DD38201B20A17700EE3376 /* AppDelegate.m in Sources */,
				90875C331B21EC25003A5AD6 /* MessageCell.m in Sources */,
				90875C361B21ECC5003A5AD6 /* Message.m in Sources */,
				90DBD2901B28AD1F0029A5C1 /* BubbleSpeech.m in Sources */,
				90DD381D1B20A17700EE3376 /* main.m in Sources */,
				90875C2D1B21E615003A5AD6 /* ChatViewController.m in Sources */,
			);
			runOnlyForDeploymentPostprocessing = 0;
		};
		90DD382C1B20A17700EE3376 /* Sources */ = {
			isa = PBXSourcesBuildPhase;
			buildActionMask = 2147483647;
			files = (
				90DD38371B20A17700EE3376 /* InstantMessengerTests.m in Sources */,
			);
			runOnlyForDeploymentPostprocessing = 0;
		};
/* End PBXSourcesBuildPhase section */

/* Begin PBXTargetDependency section */
		90DD38321B20A17700EE3376 /* PBXTargetDependency */ = {
			isa = PBXTargetDependency;
			target = 90DD38161B20A17700EE3376 /* InstantMessenger */;
			targetProxy = 90DD38311B20A17700EE3376 /* PBXContainerItemProxy */;
		};
/* End PBXTargetDependency section */

/* Begin PBXVariantGroup section */
		90DD38241B20A17700EE3376 /* Main.storyboard */ = {
			isa = PBXVariantGroup;
			children = (
				90DD38251B20A17700EE3376 /* Base */,
			);
			name = Main.storyboard;
			sourceTree = "<group>";
		};
		90DD38291B20A17700EE3376 /* LaunchScreen.xib */ = {
			isa = PBXVariantGroup;
			children = (
				90DD382A1B20A17700EE3376 /* Base */,
			);
			name = LaunchScreen.xib;
			sourceTree = "<group>";
		};
/* End PBXVariantGroup section */

/* Begin XCBuildConfiguration section */
		90DD38381B20A17700EE3376 /* Debug */ = {
			isa = XCBuildConfiguration;
			buildSettings = {
				ALWAYS_SEARCH_USER_PATHS = NO;
				CLANG_CXX_LANGUAGE_STANDARD = "gnu++0x";
				CLANG_CXX_LIBRARY = "libc++";
				CLANG_ENABLE_MODULES = YES;
				CLANG_ENABLE_OBJC_ARC = YES;
				CLANG_WARN_BOOL_CONVERSION = YES;
				CLANG_WARN_CONSTANT_CONVERSION = YES;
				CLANG_WARN_DIRECT_OBJC_ISA_USAGE = YES_ERROR;
				CLANG_WARN_EMPTY_BODY = YES;
				CLANG_WARN_ENUM_CONVERSION = YES;
				CLANG_WARN_INT_CONVERSION = YES;
				CLANG_WARN_OBJC_ROOT_CLASS = YES_ERROR;
				CLANG_WARN_UNREACHABLE_CODE = YES;
				CLANG_WARN__DUPLICATE_METHOD_MATCH = YES;
				"CODE_SIGN_IDENTITY[sdk=iphoneos*]" = "iPhone Developer";
				COPY_PHASE_STRIP = NO;
				DEBUG_INFORMATION_FORMAT = "dwarf-with-dsym";
				ENABLE_STRICT_OBJC_MSGSEND = YES;
				GCC_C_LANGUAGE_STANDARD = gnu99;
				GCC_DYNAMIC_NO_PIC = NO;
				GCC_NO_COMMON_BLOCKS = YES;
				GCC_OPTIMIZATION_LEVEL = 0;
				GCC_PREPROCESSOR_DEFINITIONS = (
					"DEBUG=1",
					"$(inherited)",
				);
				GCC_SYMBOLS_PRIVATE_EXTERN = NO;
				GCC_WARN_64_TO_32_BIT_CONVERSION = YES;
				GCC_WARN_ABOUT_RETURN_TYPE = YES_ERROR;
				GCC_WARN_UNDECLARED_SELECTOR = YES;
				GCC_WARN_UNINITIALIZED_AUTOS = YES_AGGRESSIVE;
				GCC_WARN_UNUSED_FUNCTION = YES;
				GCC_WARN_UNUSED_VARIABLE = YES;
				IPHONEOS_DEPLOYMENT_TARGET = 8.3;
				MTL_ENABLE_DEBUG_INFO = YES;
				ONLY_ACTIVE_ARCH = YES;
				SDKROOT = iphoneos;
			};
			name = Debug;
		};
		90DD38391B20A17700EE3376 /* Release */ = {
			isa = XCBuildConfiguration;
			buildSettings = {
				ALWAYS_SEARCH_USER_PATHS = NO;
				CLANG_CXX_LANGUAGE_STANDARD = "gnu++0x";
				CLANG_CXX_LIBRARY = "libc++";
				CLANG_ENABLE_MODULES = YES;
				CLANG_ENABLE_OBJC_ARC = YES;
				CLANG_WARN_BOOL_CONVERSION = YES;
				CLANG_WARN_CONSTANT_CONVERSION = YES;
				CLANG_WARN_DIRECT_OBJC_ISA_USAGE = YES_ERROR;
				CLANG_WARN_EMPTY_BODY = YES;
				CLANG_WARN_ENUM_CONVERSION = YES;
				CLANG_WARN_INT_CONVERSION = YES;
				CLANG_WARN_OBJC_ROOT_CLASS = YES_ERROR;
				CLANG_WARN_UNREACHABLE_CODE = YES;
				CLANG_WARN__DUPLICATE_METHOD_MATCH = YES;
				"CODE_SIGN_IDENTITY[sdk=iphoneos*]" = "iPhone Developer";
				COPY_PHASE_STRIP = NO;
				DEBUG_INFORMATION_FORMAT = "dwarf-with-dsym";
				ENABLE_NS_ASSERTIONS = NO;
				ENABLE_STRICT_OBJC_MSGSEND = YES;
				GCC_C_LANGUAGE_STANDARD = gnu99;
				GCC_NO_COMMON_BLOCKS = YES;
				GCC_WARN_64_TO_32_BIT_CONVERSION = YES;
				GCC_WARN_ABOUT_RETURN_TYPE = YES_ERROR;
				GCC_WARN_UNDECLARED_SELECTOR = YES;
				GCC_WARN_UNINITIALIZED_AUTOS = YES_AGGRESSIVE;
				GCC_WARN_UNUSED_FUNCTION = YES;
				GCC_WARN_UNUSED_VARIABLE = YES;
				IPHONEOS_DEPLOYMENT_TARGET = 8.3;
				MTL_ENABLE_DEBUG_INFO = NO;
				SDKROOT = iphoneos;
				VALIDATE_PRODUCT = YES;
			};
			name = Release;
		};
		90DD383B1B20A17700EE3376 /* Debug */ = {
			isa = XCBuildConfiguration;
			baseConfigurationReference = F04D7EF16C079B4B0C1E3607 /* Pods.debug.xcconfig */;
			buildSettings = {
				ASSETCATALOG_COMPILER_APPICON_NAME = AppIcon;
				CODE_SIGN_IDENTITY = "iPhone Developer";
				INFOPLIST_FILE = InstantMessenger/Info.plist;
				IPHONEOS_DEPLOYMENT_TARGET = 8.0;
				LD_RUNPATH_SEARCH_PATHS = "$(inherited) @executable_path/Frameworks";
				PRODUCT_NAME = "$(TARGET_NAME)";
			};
			name = Debug;
		};
		90DD383C1B20A17700EE3376 /* Release */ = {
			isa = XCBuildConfiguration;
			baseConfigurationReference = 0A89F494C9BB9AA308ECDE82 /* Pods.release.xcconfig */;
			buildSettings = {
				ASSETCATALOG_COMPILER_APPICON_NAME = AppIcon;
				CODE_SIGN_IDENTITY = "iPhone Developer";
				INFOPLIST_FILE = InstantMessenger/Info.plist;
				IPHONEOS_DEPLOYMENT_TARGET = 8.0;
				LD_RUNPATH_SEARCH_PATHS = "$(inherited) @executable_path/Frameworks";
				PRODUCT_NAME = "$(TARGET_NAME)";
			};
			name = Release;
		};
		90DD383E1B20A17700EE3376 /* Debug */ = {
			isa = XCBuildConfiguration;
			buildSettings = {
				BUNDLE_LOADER = "$(TEST_HOST)";
				FRAMEWORK_SEARCH_PATHS = (
					"$(SDKROOT)/Developer/Library/Frameworks",
					"$(inherited)",
				);
				GCC_PREPROCESSOR_DEFINITIONS = (
					"DEBUG=1",
					"$(inherited)",
				);
				INFOPLIST_FILE = InstantMessengerTests/Info.plist;
				LD_RUNPATH_SEARCH_PATHS = "$(inherited) @executable_path/Frameworks @loader_path/Frameworks";
				PRODUCT_NAME = "$(TARGET_NAME)";
				TEST_HOST = "$(BUILT_PRODUCTS_DIR)/InstantMessenger.app/InstantMessenger";
			};
			name = Debug;
		};
		90DD383F1B20A17700EE3376 /* Release */ = {
			isa = XCBuildConfiguration;
			buildSettings = {
				BUNDLE_LOADER = "$(TEST_HOST)";
				FRAMEWORK_SEARCH_PATHS = (
					"$(SDKROOT)/Developer/Library/Frameworks",
					"$(inherited)",
				);
				INFOPLIST_FILE = InstantMessengerTests/Info.plist;
				LD_RUNPATH_SEARCH_PATHS = "$(inherited) @executable_path/Frameworks @loader_path/Frameworks";
				PRODUCT_NAME = "$(TARGET_NAME)";
				TEST_HOST = "$(BUILT_PRODUCTS_DIR)/InstantMessenger.app/InstantMessenger";
			};
			name = Release;
		};
/* End XCBuildConfiguration section */

/* Begin XCConfigurationList section */
		90DD38121B20A17700EE3376 /* Build configuration list for PBXProject "InstantMessenger" */ = {
			isa = XCConfigurationList;
			buildConfigurations = (
				90DD38381B20A17700EE3376 /* Debug */,
				90DD38391B20A17700EE3376 /* Release */,
			);
			defaultConfigurationIsVisible = 0;
			defaultConfigurationName = Release;
		};
		90DD383A1B20A17700EE3376 /* Build configuration list for PBXNativeTarget "InstantMessenger" */ = {
			isa = XCConfigurationList;
			buildConfigurations = (
				90DD383B1B20A17700EE3376 /* Debug */,
				90DD383C1B20A17700EE3376 /* Release */,
			);
			defaultConfigurationIsVisible = 0;
			defaultConfigurationName = Release;
		};
		90DD383D1B20A17700EE3376 /* Build configuration list for PBXNativeTarget "InstantMessengerTests" */ = {
			isa = XCConfigurationList;
			buildConfigurations = (
				90DD383E1B20A17700EE3376 /* Debug */,
				90DD383F1B20A17700EE3376 /* Release */,
			);
			defaultConfigurationIsVisible = 0;
			defaultConfigurationName = Release;
		};
/* End XCConfigurationList section */
	};
	rootObject = 90DD380F1B20A17700EE3376 /* Project object */;
}
